
Microsoft Visual Studio Solution File, Format Version 12.00
# Visual Studio Version 16
VisualStudioVersion = 16.0.30128.74
MinimumVisualStudioVersion = 10.0.40219.1
Project("{FAE04EC0-301F-11D3-BF4B-00C04F79EFBC}") = "IntroArrays", "IntroArrays\IntroArrays.csproj", "{353593D8-187E-484D-A1F7-74AD844CF4AD}"
EndProject
Global
	GlobalSection(SolutionConfigurationPlatforms) = preSolution
		Debug|Any CPU = Debug|Any CPU
		Release|Any CPU = Release|Any CPU
	EndGlobalSection
	GlobalSection(ProjectConfigurationPlatforms) = postSolution
		{353593D8-187E-484D-A1F7-74AD844CF4AD}.Debug|Any CPU.ActiveCfg = Debug|Any CPU
		{353593D8-187E-484D-A1F7-74AD844CF4AD}.Debug|Any CPU.Build.0 = Debug|Any CPU
		{353593D8-187E-484D-A1F7-74AD844CF4AD}.Release|Any CPU.ActiveCfg = Release|Any CPU
		{353593D8-187E-484D-A1F7-74AD844CF4AD}.Release|Any CPU.Build.0 = Release|Any CPU
	EndGlobalSection
	GlobalSection(SolutionProperties) = preSolution
		HideSolutionNode = FALSE
	EndGlobalSection
	GlobalSection(ExtensibilityGlobals) = postSolution
		SolutionGuid = {E9EB3DB9-0CB6-4C3F-8F9B-B22CA8CEBF3E}
	EndGlobalSection
EndGlobal
