
Microsoft Visual Studio Solution File, Format Version 12.00
# Visual Studio Version 16
VisualStudioVersion = 16.0.30128.74
MinimumVisualStudioVersion = 10.0.40219.1
Project("{FAE04EC0-301F-11D3-BF4B-00C04F79EFBC}") = "Exercise2_2", "Exercise2_2\Exercise2_2.csproj", "{731995C6-BC7E-4C87-9D7B-B3B12EB97A6A}"
EndProject
Global
	GlobalSection(SolutionConfigurationPlatforms) = preSolution
		Debug|Any CPU = Debug|Any CPU
		Release|Any CPU = Release|Any CPU
	EndGlobalSection
	GlobalSection(ProjectConfigurationPlatforms) = postSolution
		{731995C6-BC7E-4C87-9D7B-B3B12EB97A6A}.Debug|Any CPU.ActiveCfg = Debug|Any CPU
		{731995C6-BC7E-4C87-9D7B-B3B12EB97A6A}.Debug|Any CPU.Build.0 = Debug|Any CPU
		{731995C6-BC7E-4C87-9D7B-B3B12EB97A6A}.Release|Any CPU.ActiveCfg = Release|Any CPU
		{731995C6-BC7E-4C87-9D7B-B3B12EB97A6A}.Release|Any CPU.Build.0 = Release|Any CPU
	EndGlobalSection
	GlobalSection(SolutionProperties) = preSolution
		HideSolutionNode = FALSE
	EndGlobalSection
	GlobalSection(ExtensibilityGlobals) = postSolution
		SolutionGuid = {0A9EBA7C-FFF5-4E5B-BF43-9CCB10882EE9}
	EndGlobalSection
EndGlobal
